
Microsoft Visual Studio Solution File, Format Version 12.00
# Visual Studio Version 17
VisualStudioVersion = 17.6.33829.357
MinimumVisualStudioVersion = 10.0.40219.1
Project("{FAE04EC0-301F-11D3-BF4B-00C04F79EFBC}") = "Mini_self", "Mini_self.csproj", "{444A5C6D-436A-4BB6-8C99-7DDE1A9E3BDD}"
EndProject
Global
	GlobalSection(SolutionConfigurationPlatforms) = preSolution
		Debug|Any CPU = Debug|Any CPU
		Release|Any CPU = Release|Any CPU
	EndGlobalSection
	GlobalSection(ProjectConfigurationPlatforms) = postSolution
		{444A5C6D-436A-4BB6-8C99-7DDE1A9E3BDD}.Debug|Any CPU.ActiveCfg = Debug|Any CPU
		{444A5C6D-436A-4BB6-8C99-7DDE1A9E3BDD}.Debug|Any CPU.Build.0 = Debug|Any CPU
		{444A5C6D-436A-4BB6-8C99-7DDE1A9E3BDD}.Release|Any CPU.ActiveCfg = Release|Any CPU
		{444A5C6D-436A-4BB6-8C99-7DDE1A9E3BDD}.Release|Any CPU.Build.0 = Release|Any CPU
	EndGlobalSection
	GlobalSection(SolutionProperties) = preSolution
		HideSolutionNode = FALSE
	EndGlobalSection
	GlobalSection(ExtensibilityGlobals) = postSolution
		SolutionGuid = {55ADB6BE-ADC6-40E2-BAAE-4055187DA4A3}
	EndGlobalSection
EndGlobal
